
Microsoft Visual Studio Solution File, Format Version 12.00
# Visual Studio 15
VisualStudioVersion = 15.0.28307.572
MinimumVisualStudioVersion = 10.0.40219.1
Project("{FAE04EC0-301F-11D3-BF4B-00C04F79EFBC}") = "reg", "reg\reg.csproj", "{81B5D19F-BC67-4D95-9752-2D38D2FFC171}"
EndProject
Project("{FAE04EC0-301F-11D3-BF4B-00C04F79EFBC}") = "DataLibrary", "DataLibrary\DataLibrary.csproj", "{7EA8286F-0E5E-4949-9AC6-1027A0E42493}"
EndProject
Project("{00D1A9C2-B5F0-4AF3-8072-F6C62B433612}") = "Database1", "Database1\Database1.sqlproj", "{CBB9C283-D7B4-4074-A048-59C07B4E2AF4}"
EndProject
Global
	GlobalSection(SolutionConfigurationPlatforms) = preSolution
		Debug|Any CPU = Debug|Any CPU
		Release|Any CPU = Release|Any CPU
	EndGlobalSection
	GlobalSection(ProjectConfigurationPlatforms) = postSolution
		{81B5D19F-BC67-4D95-9752-2D38D2FFC171}.Debug|Any CPU.ActiveCfg = Debug|Any CPU
		{81B5D19F-BC67-4D95-9752-2D38D2FFC171}.Debug|Any CPU.Build.0 = Debug|Any CPU
		{81B5D19F-BC67-4D95-9752-2D38D2FFC171}.Release|Any CPU.ActiveCfg = Release|Any CPU
		{81B5D19F-BC67-4D95-9752-2D38D2FFC171}.Release|Any CPU.Build.0 = Release|Any CPU
		{7EA8286F-0E5E-4949-9AC6-1027A0E42493}.Debug|Any CPU.ActiveCfg = Debug|Any CPU
		{7EA8286F-0E5E-4949-9AC6-1027A0E42493}.Debug|Any CPU.Build.0 = Debug|Any CPU
		{7EA8286F-0E5E-4949-9AC6-1027A0E42493}.Release|Any CPU.ActiveCfg = Release|Any CPU
		{7EA8286F-0E5E-4949-9AC6-1027A0E42493}.Release|Any CPU.Build.0 = Release|Any CPU
		{CBB9C283-D7B4-4074-A048-59C07B4E2AF4}.Debug|Any CPU.ActiveCfg = Debug|Any CPU
		{CBB9C283-D7B4-4074-A048-59C07B4E2AF4}.Debug|Any CPU.Build.0 = Debug|Any CPU
		{CBB9C283-D7B4-4074-A048-59C07B4E2AF4}.Debug|Any CPU.Deploy.0 = Debug|Any CPU
		{CBB9C283-D7B4-4074-A048-59C07B4E2AF4}.Release|Any CPU.ActiveCfg = Release|Any CPU
		{CBB9C283-D7B4-4074-A048-59C07B4E2AF4}.Release|Any CPU.Build.0 = Release|Any CPU
		{CBB9C283-D7B4-4074-A048-59C07B4E2AF4}.Release|Any CPU.Deploy.0 = Release|Any CPU
	EndGlobalSection
	GlobalSection(SolutionProperties) = preSolution
		HideSolutionNode = FALSE
	EndGlobalSection
	GlobalSection(ExtensibilityGlobals) = postSolution
		SolutionGuid = {F2443FC6-076D-4EF3-92D2-EEF887BFA90C}
	EndGlobalSection
EndGlobal
